
Microsoft Visual Studio Solution File, Format Version 12.00
# Visual Studio Version 17
VisualStudioVersion = 17.6.33829.357
MinimumVisualStudioVersion = 10.0.40219.1
Project("{FAE04EC0-301F-11D3-BF4B-00C04F79EFBC}") = "OpenApi", "src\OpenApi\OpenApi.csproj", "{B1C4F17E-8F68-44D5-8451-2700663B2F9F}"
EndProject
Project("{FAE04EC0-301F-11D3-BF4B-00C04F79EFBC}") = "OpenApi.Tests.Integration", "tests\OpenApi.Tests.Integration\OpenApi.Tests.Integration.csproj", "{08280C6D-55DC-4206-A96B-060CF6CFA976}"
EndProject
Project("{2150E333-8FDC-42A3-9474-1A3956D46DE8}") = "src", "src", "{938F2F97-A6EF-4BAE-8370-0CFB44DA711D}"
EndProject
Project("{2150E333-8FDC-42A3-9474-1A3956D46DE8}") = "tests", "tests", "{6B422096-F082-46E8-9DB2-7CFD2CFCE016}"
EndProject
Project("{FAE04EC0-301F-11D3-BF4B-00C04F79EFBC}") = "E2E.OpenApiTests", "tests\E2E.OpenApiTests\E2E.OpenApiTests.csproj", "{70C99D54-72B2-4317-B27C-04197A50834D}"
EndProject
Global
	GlobalSection(SolutionConfigurationPlatforms) = preSolution
		Debug|Any CPU = Debug|Any CPU
		Release|Any CPU = Release|Any CPU
	EndGlobalSection
	GlobalSection(ProjectConfigurationPlatforms) = postSolution
		{B1C4F17E-8F68-44D5-8451-2700663B2F9F}.Debug|Any CPU.ActiveCfg = Debug|Any CPU
		{B1C4F17E-8F68-44D5-8451-2700663B2F9F}.Debug|Any CPU.Build.0 = Debug|Any CPU
		{B1C4F17E-8F68-44D5-8451-2700663B2F9F}.Release|Any CPU.ActiveCfg = Release|Any CPU
		{B1C4F17E-8F68-44D5-8451-2700663B2F9F}.Release|Any CPU.Build.0 = Release|Any CPU
		{08280C6D-55DC-4206-A96B-060CF6CFA976}.Debug|Any CPU.ActiveCfg = Debug|Any CPU
		{08280C6D-55DC-4206-A96B-060CF6CFA976}.Debug|Any CPU.Build.0 = Debug|Any CPU
		{08280C6D-55DC-4206-A96B-060CF6CFA976}.Release|Any CPU.ActiveCfg = Release|Any CPU
		{08280C6D-55DC-4206-A96B-060CF6CFA976}.Release|Any CPU.Build.0 = Release|Any CPU
		{70C99D54-72B2-4317-B27C-04197A50834D}.Debug|Any CPU.ActiveCfg = Debug|Any CPU
		{70C99D54-72B2-4317-B27C-04197A50834D}.Debug|Any CPU.Build.0 = Debug|Any CPU
		{70C99D54-72B2-4317-B27C-04197A50834D}.Release|Any CPU.ActiveCfg = Release|Any CPU
		{70C99D54-72B2-4317-B27C-04197A50834D}.Release|Any CPU.Build.0 = Release|Any CPU
	EndGlobalSection
	GlobalSection(SolutionProperties) = preSolution
		HideSolutionNode = FALSE
	EndGlobalSection
	GlobalSection(ExtensibilityGlobals) = postSolution
		SolutionGuid = {F18ED896-6A30-4468-B92A-C8B543D93BA9}
	EndGlobalSection
	GlobalSection(NestedProjects) = preSolution
		{B1C4F17E-8F68-44D5-8451-2700663B2F9F} = {938F2F97-A6EF-4BAE-8370-0CFB44DA711D}
		{08280C6D-55DC-4206-A96B-060CF6CFA976} = {6B422096-F082-46E8-9DB2-7CFD2CFCE016}
		{70C99D54-72B2-4317-B27C-04197A50834D} = {6B422096-F082-46E8-9DB2-7CFD2CFCE016}
	EndGlobalSection
EndGlobal
